
Microsoft Visual Studio Solution File, Format Version 12.00
# Visual Studio 15
VisualStudioVersion = 15.0.26730.16
MinimumVisualStudioVersion = 10.0.40219.1
Project("{9A19103F-16F7-4668-BE54-9A1E7A4F7556}") = "Membership.Data", "Membership.Data\Membership.Data.csproj", "{F6CCA6DC-A171-49F9-A936-B93D4CA62F26}"
EndProject
Project("{9A19103F-16F7-4668-BE54-9A1E7A4F7556}") = "Membership.API", "Membership.API\Membership.API.csproj", "{24DC1E6A-34F1-4761-9A49-CB420CC1ABCF}"
EndProject
Global
	GlobalSection(SolutionConfigurationPlatforms) = preSolution
		Debug|Any CPU = Debug|Any CPU
		Release|Any CPU = Release|Any CPU
	EndGlobalSection
	GlobalSection(ProjectConfigurationPlatforms) = postSolution
		{F6CCA6DC-A171-49F9-A936-B93D4CA62F26}.Debug|Any CPU.ActiveCfg = Debug|Any CPU
		{F6CCA6DC-A171-49F9-A936-B93D4CA62F26}.Debug|Any CPU.Build.0 = Debug|Any CPU
		{F6CCA6DC-A171-49F9-A936-B93D4CA62F26}.Release|Any CPU.ActiveCfg = Release|Any CPU
		{F6CCA6DC-A171-49F9-A936-B93D4CA62F26}.Release|Any CPU.Build.0 = Release|Any CPU
		{24DC1E6A-34F1-4761-9A49-CB420CC1ABCF}.Debug|Any CPU.ActiveCfg = Debug|Any CPU
		{24DC1E6A-34F1-4761-9A49-CB420CC1ABCF}.Debug|Any CPU.Build.0 = Debug|Any CPU
		{24DC1E6A-34F1-4761-9A49-CB420CC1ABCF}.Release|Any CPU.ActiveCfg = Release|Any CPU
		{24DC1E6A-34F1-4761-9A49-CB420CC1ABCF}.Release|Any CPU.Build.0 = Release|Any CPU
	EndGlobalSection
	GlobalSection(SolutionProperties) = preSolution
		HideSolutionNode = FALSE
	EndGlobalSection
	GlobalSection(ExtensibilityGlobals) = postSolution
		SolutionGuid = {70B2E5FD-864B-4BF4-95FA-70D9CD83F82C}
	EndGlobalSection
EndGlobal
